
Microsoft Visual Studio Solution File, Format Version 12.00
# Visual Studio 15
VisualStudioVersion = 15.0.27428.2043
MinimumVisualStudioVersion = 10.0.40219.1
Project("{8BC9CEB8-8B4A-11D0-8D11-00A0C91BC942}") = "Pocketmon_sample", "Pocketmon_sample\Pocketmon_sample.vcxproj", "{BC2C1DBC-3B87-453F-9924-781C38D92E87}"
EndProject
Global
	GlobalSection(SolutionConfigurationPlatforms) = preSolution
		Debug|x64 = Debug|x64
		Debug|x86 = Debug|x86
		Release|x64 = Release|x64
		Release|x86 = Release|x86
	EndGlobalSection
	GlobalSection(ProjectConfigurationPlatforms) = postSolution
		{BC2C1DBC-3B87-453F-9924-781C38D92E87}.Debug|x64.ActiveCfg = Debug|x64
		{BC2C1DBC-3B87-453F-9924-781C38D92E87}.Debug|x64.Build.0 = Debug|x64
		{BC2C1DBC-3B87-453F-9924-781C38D92E87}.Debug|x86.ActiveCfg = Debug|Win32
		{BC2C1DBC-3B87-453F-9924-781C38D92E87}.Debug|x86.Build.0 = Debug|Win32
		{BC2C1DBC-3B87-453F-9924-781C38D92E87}.Release|x64.ActiveCfg = Release|x64
		{BC2C1DBC-3B87-453F-9924-781C38D92E87}.Release|x64.Build.0 = Release|x64
		{BC2C1DBC-3B87-453F-9924-781C38D92E87}.Release|x86.ActiveCfg = Release|Win32
		{BC2C1DBC-3B87-453F-9924-781C38D92E87}.Release|x86.Build.0 = Release|Win32
	EndGlobalSection
	GlobalSection(SolutionProperties) = preSolution
		HideSolutionNode = FALSE
	EndGlobalSection
	GlobalSection(ExtensibilityGlobals) = postSolution
		SolutionGuid = {1470C769-D0FA-42EA-BCF2-50AA15F396EE}
	EndGlobalSection
EndGlobal
